
Microsoft Visual Studio Solution File, Format Version 12.00
# Visual Studio Version 16
VisualStudioVersion = 16.0.30717.126
MinimumVisualStudioVersion = 10.0.40219.1
Project("{FAE04EC0-301F-11D3-BF4B-00C04F79EFBC}") = "ClassMetotDemo", "ClassMetotDemo\ClassMetotDemo.csproj", "{D99BC65C-F1F6-4916-B33D-4642EF889C5A}"
EndProject
Global
	GlobalSection(SolutionConfigurationPlatforms) = preSolution
		Debug|Any CPU = Debug|Any CPU
		Release|Any CPU = Release|Any CPU
	EndGlobalSection
	GlobalSection(ProjectConfigurationPlatforms) = postSolution
		{D99BC65C-F1F6-4916-B33D-4642EF889C5A}.Debug|Any CPU.ActiveCfg = Debug|Any CPU
		{D99BC65C-F1F6-4916-B33D-4642EF889C5A}.Debug|Any CPU.Build.0 = Debug|Any CPU
		{D99BC65C-F1F6-4916-B33D-4642EF889C5A}.Release|Any CPU.ActiveCfg = Release|Any CPU
		{D99BC65C-F1F6-4916-B33D-4642EF889C5A}.Release|Any CPU.Build.0 = Release|Any CPU
	EndGlobalSection
	GlobalSection(SolutionProperties) = preSolution
		HideSolutionNode = FALSE
	EndGlobalSection
	GlobalSection(ExtensibilityGlobals) = postSolution
		SolutionGuid = {67E898EC-3E62-46D0-9E87-C256005AA903}
	EndGlobalSection
EndGlobal
